// !$*UTF8*$!
{
	archiveVersion = 1;
	classes = {
	};
	objectVersion = 50;
	objects = {

/* Begin PBXBuildFile section */
		45E28BBD23794ECD00F7C4F4 /* AppDelegate.swift in Sources */ = {isa = PBXBuildFile; fileRef = 45E28BBC23794ECD00F7C4F4 /* AppDelegate.swift */; };
		45E28BBF23794ECD00F7C4F4 /* SceneDelegate.swift in Sources */ = {isa = PBXBuildFile; fileRef = 45E28BBE23794ECD00F7C4F4 /* SceneDelegate.swift */; };
		45E28BC123794ECD00F7C4F4 /* ContentView.swift in Sources */ = {isa = PBXBuildFile; fileRef = 45E28BC023794ECD00F7C4F4 /* ContentView.swift */; };
		45E28BC323794ED000F7C4F4 /* Assets.xcassets in Resources */ = {isa = PBXBuildFile; fileRef = 45E28BC223794ED000F7C4F4 /* Assets.xcassets */; };
		45E28BC623794ED000F7C4F4 /* Preview Assets.xcassets in Resources */ = {isa = PBXBuildFile; fileRef = 45E28BC523794ED000F7C4F4 /* Preview Assets.xcassets */; };
		45E28BC923794ED000F7C4F4 /* LaunchScreen.storyboard in Resources */ = {isa = PBXBuildFile; fileRef = 45E28BC723794ED000F7C4F4 /* LaunchScreen.storyboard */; };
		45E28BD123795E0B00F7C4F4 /* tabView.swift in Sources */ = {isa = PBXBuildFile; fileRef = 45E28BD023795E0B00F7C4F4 /* tabView.swift */; };
		45E28BD323795EA200F7C4F4 /* leftView.swift in Sources */ = {isa = PBXBuildFile; fileRef = 45E28BD223795EA200F7C4F4 /* leftView.swift */; };
/* End PBXBuildFile section */

/* Begin PBXFileReference section */
		45E28BB923794ECD00F7C4F4 /* p1111.app */ = {isa = PBXFileReference; explicitFileType = wrapper.application; includeInIndex = 0; path = p1111.app; sourceTree = BUILT_PRODUCTS_DIR; };
		45E28BBC23794ECD00F7C4F4 /* AppDelegate.swift */ = {isa = PBXFileReference; lastKnownFileType = sourcecode.swift; path = AppDelegate.swift; sourceTree = "<group>"; };
		45E28BBE23794ECD00F7C4F4 /* SceneDelegate.swift */ = {isa = PBXFileReference; lastKnownFileType = sourcecode.swift; path = SceneDelegate.swift; sourceTree = "<group>"; };
		45E28BC023794ECD00F7C4F4 /* ContentView.swift */ = {isa = PBXFileReference; lastKnownFileType = sourcecode.swift; path = ContentView.swift; sourceTree = "<group>"; };
		45E28BC223794ED000F7C4F4 /* Assets.xcassets */ = {isa = PBXFileReference; lastKnownFileType = folder.assetcatalog; path = Assets.xcassets; sourceTree = "<group>"; };
		45E28BC523794ED000F7C4F4 /* Preview Assets.xcassets */ = {isa = PBXFileReference; lastKnownFileType = folder.assetcatalog; path = "Preview Assets.xcassets"; sourceTree = "<group>"; };
		45E28BC823794ED000F7C4F4 /* Base */ = {isa = PBXFileReference; lastKnownFileType = file.storyboard; name = Base; path = Base.lproj/LaunchScreen.storyboard; sourceTree = "<group>"; };
		45E28BCA23794ED000F7C4F4 /* Info.plist */ = {isa = PBXFileReference; lastKnownFileType = text.plist.xml; path = Info.plist; sourceTree = "<group>"; };
		45E28BD023795E0B00F7C4F4 /* tabView.swift */ = {isa = PBXFileReference; lastKnownFileType = sourcecode.swift; path = tabView.swift; sourceTree = "<group>"; };
		45E28BD223795EA200F7C4F4 /* leftView.swift */ = {isa = PBXFileReference; lastKnownFileType = sourcecode.swift; path = leftView.swift; sourceTree = "<group>"; };
/* End PBXFileReference section */

/* Begin PBXFrameworksBuildPhase section */
		45E28BB623794ECD00F7C4F4 /* Frameworks */ = {
			isa = PBXFrameworksBuildPhase;
			buildActionMask = 2147483647;
			files = (
			);
			runOnlyForDeploymentPostprocessing = 0;
		};
/* End PBXFrameworksBuildPhase section */

/* Begin PBXGroup section */
		45E28BB023794ECD00F7C4F4 = {
			isa = PBXGroup;
			children = (
				45E28BBB23794ECD00F7C4F4 /* p1111 */,
				45E28BBA23794ECD00F7C4F4 /* Products */,
			);
			sourceTree = "<group>";
		};
		45E28BBA23794ECD00F7C4F4 /* Products */ = {
			isa = PBXGroup;
			children = (
				45E28BB923794ECD00F7C4F4 /* p1111.app */,
			);
			name = Products;
			sourceTree = "<group>";
		};
		45E28BBB23794ECD00F7C4F4 /* p1111 */ = {
			isa = PBXGroup;
			children = (
				45E28BBC23794ECD00F7C4F4 /* AppDelegate.swift */,
				45E28BBE23794ECD00F7C4F4 /* SceneDelegate.swift */,
				45E28BC023794ECD00F7C4F4 /* ContentView.swift */,
				45E28BD223795EA200F7C4F4 /* leftView.swift */,
				45E28BD023795E0B00F7C4F4 /* tabView.swift */,
				45E28BC223794ED000F7C4F4 /* Assets.xcassets */,
				45E28BC723794ED000F7C4F4 /* LaunchScreen.storyboard */,
				45E28BCA23794ED000F7C4F4 /* Info.plist */,
				45E28BC423794ED000F7C4F4 /* Preview Content */,
			);
			path = p1111;
			sourceTree = "<group>";
		};
		45E28BC423794ED000F7C4F4 /* Preview Content */ = {
			isa = PBXGroup;
			children = (
				45E28BC523794ED000F7C4F4 /* Preview Assets.xcassets */,
			);
			path = "Preview Content";
			sourceTree = "<group>";
		};
/* End PBXGroup section */

/* Begin PBXNativeTarget section */
		45E28BB823794ECD00F7C4F4 /* p1111 */ = {
			isa = PBXNativeTarget;
			buildConfigurationList = 45E28BCD23794ED000F7C4F4 /* Build configuration list for PBXNativeTarget "p1111" */;
			buildPhases = (
				45E28BB523794ECD00F7C4F4 /* Sources */,
				45E28BB623794ECD00F7C4F4 /* Frameworks */,
				45E28BB723794ECD00F7C4F4 /* Resources */,
			);
			buildRules = (
			);
			dependencies = (
			);
			name = p1111;
			productName = p1111;
			productReference = 45E28BB923794ECD00F7C4F4 /* p1111.app */;
			productType = "com.apple.product-type.application";
		};
/* End PBXNativeTarget section */

/* Begin PBXProject section */
		45E28BB123794ECD00F7C4F4 /* Project object */ = {
			isa = PBXProject;
			attributes = {
				LastSwiftUpdateCheck = 1110;
				LastUpgradeCheck = 1110;
				ORGANIZATIONNAME = 00657254;
				TargetAttributes = {
					45E28BB823794ECD00F7C4F4 = {
						CreatedOnToolsVersion = 11.1;
					};
				};
			};
			buildConfigurationList = 45E28BB423794ECD00F7C4F4 /* Build configuration list for PBXProject "p1111" */;
			compatibilityVersion = "Xcode 9.3";
			developmentRegion = en;
			hasScannedForEncodings = 0;
			knownRegions = (
				en,
				Base,
			);
			mainGroup = 45E28BB023794ECD00F7C4F4;
			productRefGroup = 45E28BBA23794ECD00F7C4F4 /* Products */;
			projectDirPath = "";
			projectRoot = "";
			targets = (
				45E28BB823794ECD00F7C4F4 /* p1111 */,
			);
		};
/* End PBXProject section */

/* Begin PBXResourcesBuildPhase section */
		45E28BB723794ECD00F7C4F4 /* Resources */ = {
			isa = PBXResourcesBuildPhase;
			buildActionMask = 2147483647;
			files = (
				45E28BC923794ED000F7C4F4 /* LaunchScreen.storyboard in Resources */,
				45E28BC623794ED000F7C4F4 /* Preview Assets.xcassets in Resources */,
				45E28BC323794ED000F7C4F4 /* Assets.xcassets in Resources */,
			);
			runOnlyForDeploymentPostprocessing = 0;
		};
/* End PBXResourcesBuildPhase section */

/* Begin PBXSourcesBuildPhase section */
		45E28BB523794ECD00F7C4F4 /* Sources */ = {
			isa = PBXSourcesBuildPhase;
			buildActionMask = 2147483647;
			files = (
				45E28BBD23794ECD00F7C4F4 /* AppDelegate.swift in Sources */,
				45E28BBF23794ECD00F7C4F4 /* SceneDelegate.swift in Sources */,
				45E28BD123795E0B00F7C4F4 /* tabView.swift in Sources */,
				45E28BD323795EA200F7C4F4 /* leftView.swift in Sources */,
				45E28BC123794ECD00F7C4F4 /* ContentView.swift in Sources */,
			);
			runOnlyForDeploymentPostprocessing = 0;
		};
/* End PBXSourcesBuildPhase section */

/* Begin PBXVariantGroup section */
		45E28BC723794ED000F7C4F4 /* LaunchScreen.storyboard */ = {
			isa = PBXVariantGroup;
			children = (
				45E28BC823794ED000F7C4F4 /* Base */,
			);
			name = LaunchScreen.storyboard;
			sourceTree = "<group>";
		};
/* End PBXVariantGroup section */

/* Begin XCBuildConfiguration section */
		45E28BCB23794ED000F7C4F4 /* Debug */ = {
			isa = XCBuildConfiguration;
			buildSettings = {
				ALWAYS_SEARCH_USER_PATHS = NO;
				CLANG_ANALYZER_NONNULL = YES;
				CLANG_ANALYZER_NUMBER_OBJECT_CONVERSION = YES_AGGRESSIVE;
				CLANG_CXX_LANGUAGE_STANDARD = "gnu++14";
				CLANG_CXX_LIBRARY = "libc++";
				CLANG_ENABLE_MODULES = YES;
				CLANG_ENABLE_OBJC_ARC = YES;
				CLANG_ENABLE_OBJC_WEAK = YES;
				CLANG_WARN_BLOCK_CAPTURE_AUTORELEASING = YES;
				CLANG_WARN_BOOL_CONVERSION = YES;
				CLANG_WARN_COMMA = YES;
				CLANG_WARN_CONSTANT_CONVERSION = YES;
				CLANG_WARN_DEPRECATED_OBJC_IMPLEMENTATIONS = YES;
				CLANG_WARN_DIRECT_OBJC_ISA_USAGE = YES_ERROR;
				CLANG_WARN_DOCUMENTATION_COMMENTS = YES;
				CLANG_WARN_EMPTY_BODY = YES;
				CLANG_WARN_ENUM_CONVERSION = YES;
				CLANG_WARN_INFINITE_RECURSION = YES;
				CLANG_WARN_INT_CONVERSION = YES;
				CLANG_WARN_NON_LITERAL_NULL_CONVERSION = YES;
				CLANG_WARN_OBJC_IMPLICIT_RETAIN_SELF = YES;
				CLANG_WARN_OBJC_LITERAL_CONVERSION = YES;
				CLANG_WARN_OBJC_ROOT_CLASS = YES_ERROR;
				CLANG_WARN_RANGE_LOOP_ANALYSIS = YES;
				CLANG_WARN_STRICT_PROTOTYPES = YES;
				CLANG_WARN_SUSPICIOUS_MOVE = YES;
				CLANG_WARN_UNGUARDED_AVAILABILITY = YES_AGGRESSIVE;
				CLANG_WARN_UNREACHABLE_CODE = YES;
				CLANG_WARN__DUPLICATE_METHOD_MATCH = YES;
				COPY_PHASE_STRIP = NO;
				DEBUG_INFORMATION_FORMAT = dwarf;
				ENABLE_STRICT_OBJC_MSGSEND = YES;
				ENABLE_TESTABILITY = YES;
				GCC_C_LANGUAGE_STANDARD = gnu11;
				GCC_DYNAMIC_NO_PIC = NO;
				GCC_NO_COMMON_BLOCKS = YES;
				GCC_OPTIMIZATION_LEVEL = 0;
				GCC_PREPROCESSOR_DEFINITIONS = (
					"DEBUG=1",
					"$(inherited)",
				);
				GCC_WARN_64_TO_32_BIT_CONVERSION = YES;
				GCC_WARN_ABOUT_RETURN_TYPE = YES_ERROR;
				GCC_WARN_UNDECLARED_SELECTOR = YES;
				GCC_WARN_UNINITIALIZED_AUTOS = YES_AGGRESSIVE;
				GCC_WARN_UNUSED_FUNCTION = YES;
				GCC_WARN_UNUSED_VARIABLE = YES;
				IPHONEOS_DEPLOYMENT_TARGET = 13.1;
				MTL_ENABLE_DEBUG_INFO = INCLUDE_SOURCE;
				MTL_FAST_MATH = YES;
				ONLY_ACTIVE_ARCH = YES;
				SDKROOT = iphoneos;
				SWIFT_ACTIVE_COMPILATION_CONDITIONS = DEBUG;
				SWIFT_OPTIMIZATION_LEVEL = "-Onone";
			};
			name = Debug;
		};
		45E28BCC23794ED000F7C4F4 /* Release */ = {
			isa = XCBuildConfiguration;
			buildSettings = {
				ALWAYS_SEARCH_USER_PATHS = NO;
				CLANG_ANALYZER_NONNULL = YES;
				CLANG_ANALYZER_NUMBER_OBJECT_CONVERSION = YES_AGGRESSIVE;
				CLANG_CXX_LANGUAGE_STANDARD = "gnu++14";
				CLANG_CXX_LIBRARY = "libc++";
				CLANG_ENABLE_MODULES = YES;
				CLANG_ENABLE_OBJC_ARC = YES;
				CLANG_ENABLE_OBJC_WEAK = YES;
				CLANG_WARN_BLOCK_CAPTURE_AUTORELEASING = YES;
				CLANG_WARN_BOOL_CONVERSION = YES;
				CLANG_WARN_COMMA = YES;
				CLANG_WARN_CONSTANT_CONVERSION = YES;
				CLANG_WARN_DEPRECATED_OBJC_IMPLEMENTATIONS = YES;
				CLANG_WARN_DIRECT_OBJC_ISA_USAGE = YES_ERROR;
				CLANG_WARN_DOCUMENTATION_COMMENTS = YES;
				CLANG_WARN_EMPTY_BODY = YES;
				CLANG_WARN_ENUM_CONVERSION = YES;
				CLANG_WARN_INFINITE_RECURSION = YES;
				CLANG_WARN_INT_CONVERSION = YES;
				CLANG_WARN_NON_LITERAL_NULL_CONVERSION = YES;
				CLANG_WARN_OBJC_IMPLICIT_RETAIN_SELF = YES;
				CLANG_WARN_OBJC_LITERAL_CONVERSION = YES;
				CLANG_WARN_OBJC_ROOT_CLASS = YES_ERROR;
				CLANG_WARN_RANGE_LOOP_ANALYSIS = YES;
				CLANG_WARN_STRICT_PROTOTYPES = YES;
				CLANG_WARN_SUSPICIOUS_MOVE = YES;
				CLANG_WARN_UNGUARDED_AVAILABILITY = YES_AGGRESSIVE;
				CLANG_WARN_UNREACHABLE_CODE = YES;
				CLANG_WARN__DUPLICATE_METHOD_MATCH = YES;
				COPY_PHASE_STRIP = NO;
				DEBUG_INFORMATION_FORMAT = "dwarf-with-dsym";
				ENABLE_NS_ASSERTIONS = NO;
				ENABLE_STRICT_OBJC_MSGSEND = YES;
				GCC_C_LANGUAGE_STANDARD = gnu11;
				GCC_NO_COMMON_BLOCKS = YES;
				GCC_WARN_64_TO_32_BIT_CONVERSION = YES;
				GCC_WARN_ABOUT_RETURN_TYPE = YES_ERROR;
				GCC_WARN_UNDECLARED_SELECTOR = YES;
				GCC_WARN_UNINITIALIZED_AUTOS = YES_AGGRESSIVE;
				GCC_WARN_UNUSED_FUNCTION = YES;
				GCC_WARN_UNUSED_VARIABLE = YES;
				IPHONEOS_DEPLOYMENT_TARGET = 13.1;
				MTL_ENABLE_DEBUG_INFO = NO;
				MTL_FAST_MATH = YES;
				SDKROOT = iphoneos;
				SWIFT_COMPILATION_MODE = wholemodule;
				SWIFT_OPTIMIZATION_LEVEL = "-O";
				VALIDATE_PRODUCT = YES;
			};
			name = Release;
		};
		45E28BCE23794ED000F7C4F4 /* Debug */ = {
			isa = XCBuildConfiguration;
			buildSettings = {
				ASSETCATALOG_COMPILER_APPICON_NAME = AppIcon;
				CODE_SIGN_STYLE = Automatic;
				DEVELOPMENT_ASSET_PATHS = "\"p1111/Preview Content\"";
				ENABLE_PREVIEWS = YES;
				INFOPLIST_FILE = p1111/Info.plist;
				LD_RUNPATH_SEARCH_PATHS = (
					"$(inherited)",
					"@executable_path/Frameworks",
				);
				PRODUCT_BUNDLE_IDENTIFIER = "-0657154.p1111";
				PRODUCT_NAME = "$(TARGET_NAME)";
				SWIFT_VERSION = 5.0;
				TARGETED_DEVICE_FAMILY = "1,2";
			};
			name = Debug;
		};
		45E28BCF23794ED000F7C4F4 /* Release */ = {
			isa = XCBuildConfiguration;
			buildSettings = {
				ASSETCATALOG_COMPILER_APPICON_NAME = AppIcon;
				CODE_SIGN_STYLE = Automatic;
				DEVELOPMENT_ASSET_PATHS = "\"p1111/Preview Content\"";
				ENABLE_PREVIEWS = YES;
				INFOPLIST_FILE = p1111/Info.plist;
				LD_RUNPATH_SEARCH_PATHS = (
					"$(inherited)",
					"@executable_path/Frameworks",
				);
				PRODUCT_BUNDLE_IDENTIFIER = "-0657154.p1111";
				PRODUCT_NAME = "$(TARGET_NAME)";
				SWIFT_VERSION = 5.0;
				TARGETED_DEVICE_FAMILY = "1,2";
			};
			name = Release;
		};
/* End XCBuildConfiguration section */

/* Begin XCConfigurationList section */
		45E28BB423794ECD00F7C4F4 /* Build configuration list for PBXProject "p1111" */ = {
			isa = XCConfigurationList;
			buildConfigurations = (
				45E28BCB23794ED000F7C4F4 /* Debug */,
				45E28BCC23794ED000F7C4F4 /* Release */,
			);
			defaultConfigurationIsVisible = 0;
			defaultConfigurationName = Release;
		};
		45E28BCD23794ED000F7C4F4 /* Build configuration list for PBXNativeTarget "p1111" */ = {
			isa = XCConfigurationList;
			buildConfigurations = (
				45E28BCE23794ED000F7C4F4 /* Debug */,
				45E28BCF23794ED000F7C4F4 /* Release */,
			);
			defaultConfigurationIsVisible = 0;
			defaultConfigurationName = Release;
		};
/* End XCConfigurationList section */
	};
	rootObject = 45E28BB123794ECD00F7C4F4 /* Project object */;
}
